
Microsoft Visual Studio Solution File, Format Version 12.00
# Visual Studio 15
VisualStudioVersion = 15.0.28307.421
MinimumVisualStudioVersion = 10.0.40219.1
Project("{FAE04EC0-301F-11D3-BF4B-00C04F79EFBC}") = "Seferi-UI", "Seferi-UI\Seferi-UI.csproj", "{34406C1E-E469-4690-9781-6C3C95C58BEE}"
EndProject
Project("{FAE04EC0-301F-11D3-BF4B-00C04F79EFBC}") = "Seferi-DAL", "Seferi-DAL\Seferi-DAL.csproj", "{24E7E566-415E-4E6A-9847-A8F2CA57A2E6}"
EndProject
Project("{FAE04EC0-301F-11D3-BF4B-00C04F79EFBC}") = "Seferi-BLL", "Seferi-BLL\Seferi-BLL.csproj", "{8564DDA0-0A3F-4E73-AA63-3BB73421AFC5}"
EndProject
Global
	GlobalSection(SolutionConfigurationPlatforms) = preSolution
		Debug|Any CPU = Debug|Any CPU
		Release|Any CPU = Release|Any CPU
	EndGlobalSection
	GlobalSection(ProjectConfigurationPlatforms) = postSolution
		{34406C1E-E469-4690-9781-6C3C95C58BEE}.Debug|Any CPU.ActiveCfg = Debug|Any CPU
		{34406C1E-E469-4690-9781-6C3C95C58BEE}.Debug|Any CPU.Build.0 = Debug|Any CPU
		{34406C1E-E469-4690-9781-6C3C95C58BEE}.Release|Any CPU.ActiveCfg = Release|Any CPU
		{34406C1E-E469-4690-9781-6C3C95C58BEE}.Release|Any CPU.Build.0 = Release|Any CPU
		{24E7E566-415E-4E6A-9847-A8F2CA57A2E6}.Debug|Any CPU.ActiveCfg = Debug|Any CPU
		{24E7E566-415E-4E6A-9847-A8F2CA57A2E6}.Debug|Any CPU.Build.0 = Debug|Any CPU
		{24E7E566-415E-4E6A-9847-A8F2CA57A2E6}.Release|Any CPU.ActiveCfg = Release|Any CPU
		{24E7E566-415E-4E6A-9847-A8F2CA57A2E6}.Release|Any CPU.Build.0 = Release|Any CPU
		{8564DDA0-0A3F-4E73-AA63-3BB73421AFC5}.Debug|Any CPU.ActiveCfg = Debug|Any CPU
		{8564DDA0-0A3F-4E73-AA63-3BB73421AFC5}.Debug|Any CPU.Build.0 = Debug|Any CPU
		{8564DDA0-0A3F-4E73-AA63-3BB73421AFC5}.Release|Any CPU.ActiveCfg = Release|Any CPU
		{8564DDA0-0A3F-4E73-AA63-3BB73421AFC5}.Release|Any CPU.Build.0 = Release|Any CPU
	EndGlobalSection
	GlobalSection(SolutionProperties) = preSolution
		HideSolutionNode = FALSE
	EndGlobalSection
	GlobalSection(ExtensibilityGlobals) = postSolution
		SolutionGuid = {4A1AD385-3F1A-4F40-A0F6-2D593B396815}
	EndGlobalSection
EndGlobal
